// !$*UTF8*$!
{
	archiveVersion = 1;
	classes = {
	};
	objectVersion = 48;
	objects = {

/* Begin PBXBuildFile section */
		3B2A63851FF09F4D00BC5373 /* AppDelegate.swift in Sources */ = {isa = PBXBuildFile; fileRef = 3B2A63841FF09F4D00BC5373 /* AppDelegate.swift */; };
		3B2A63871FF09F4D00BC5373 /* TodolListViewController.swift in Sources */ = {isa = PBXBuildFile; fileRef = 3B2A63861FF09F4D00BC5373 /* TodolListViewController.swift */; };
		3B2A638A1FF09F4D00BC5373 /* Main.storyboard in Resources */ = {isa = PBXBuildFile; fileRef = 3B2A63881FF09F4D00BC5373 /* Main.storyboard */; };
		3B2A638C1FF09F4E00BC5373 /* Assets.xcassets in Resources */ = {isa = PBXBuildFile; fileRef = 3B2A638B1FF09F4E00BC5373 /* Assets.xcassets */; };
		3B2A638F1FF09F4E00BC5373 /* LaunchScreen.storyboard in Resources */ = {isa = PBXBuildFile; fileRef = 3B2A638D1FF09F4E00BC5373 /* LaunchScreen.storyboard */; };
		3B2A63971FF19D9E00BC5373 /* Item.swift in Sources */ = {isa = PBXBuildFile; fileRef = 3B2A63961FF19D9E00BC5373 /* Item.swift */; };
/* End PBXBuildFile section */

/* Begin PBXFileReference section */
		3B2A63811FF09F4D00BC5373 /* Todoey.app */ = {isa = PBXFileReference; explicitFileType = wrapper.application; includeInIndex = 0; path = Todoey.app; sourceTree = BUILT_PRODUCTS_DIR; };
		3B2A63841FF09F4D00BC5373 /* AppDelegate.swift */ = {isa = PBXFileReference; lastKnownFileType = sourcecode.swift; path = AppDelegate.swift; sourceTree = "<group>"; };
		3B2A63861FF09F4D00BC5373 /* TodolListViewController.swift */ = {isa = PBXFileReference; lastKnownFileType = sourcecode.swift; path = TodolListViewController.swift; sourceTree = "<group>"; };
		3B2A63891FF09F4D00BC5373 /* Base */ = {isa = PBXFileReference; lastKnownFileType = file.storyboard; name = Base; path = Base.lproj/Main.storyboard; sourceTree = "<group>"; };
		3B2A638B1FF09F4E00BC5373 /* Assets.xcassets */ = {isa = PBXFileReference; lastKnownFileType = folder.assetcatalog; path = Assets.xcassets; sourceTree = "<group>"; };
		3B2A638E1FF09F4E00BC5373 /* Base */ = {isa = PBXFileReference; lastKnownFileType = file.storyboard; name = Base; path = Base.lproj/LaunchScreen.storyboard; sourceTree = "<group>"; };
		3B2A63901FF09F4E00BC5373 /* Info.plist */ = {isa = PBXFileReference; lastKnownFileType = text.plist.xml; path = Info.plist; sourceTree = "<group>"; };
		3B2A63961FF19D9E00BC5373 /* Item.swift */ = {isa = PBXFileReference; lastKnownFileType = sourcecode.swift; path = Item.swift; sourceTree = "<group>"; };
/* End PBXFileReference section */

/* Begin PBXFrameworksBuildPhase section */
		3B2A637E1FF09F4D00BC5373 /* Frameworks */ = {
			isa = PBXFrameworksBuildPhase;
			buildActionMask = 2147483647;
			files = (
			);
			runOnlyForDeploymentPostprocessing = 0;
		};
/* End PBXFrameworksBuildPhase section */

/* Begin PBXGroup section */
		3B2A63781FF09F4D00BC5373 = {
			isa = PBXGroup;
			children = (
				3B2A63831FF09F4D00BC5373 /* Todoey */,
				3B2A63821FF09F4D00BC5373 /* Products */,
			);
			sourceTree = "<group>";
		};
		3B2A63821FF09F4D00BC5373 /* Products */ = {
			isa = PBXGroup;
			children = (
				3B2A63811FF09F4D00BC5373 /* Todoey.app */,
			);
			name = Products;
			sourceTree = "<group>";
		};
		3B2A63831FF09F4D00BC5373 /* Todoey */ = {
			isa = PBXGroup;
			children = (
				3B2A63841FF09F4D00BC5373 /* AppDelegate.swift */,
				3B2A63991FF19DE100BC5373 /* Controller */,
				3B2A63981FF19DBA00BC5373 /* Data Model */,
				3B2A639A1FF19DEE00BC5373 /* View */,
				3B2A639B1FF19E0800BC5373 /* Supporting Files */,
				3B2A63901FF09F4E00BC5373 /* Info.plist */,
			);
			path = Todoey;
			sourceTree = "<group>";
		};
		3B2A63981FF19DBA00BC5373 /* Data Model */ = {
			isa = PBXGroup;
			children = (
				3B2A63961FF19D9E00BC5373 /* Item.swift */,
			);
			path = "Data Model";
			sourceTree = "<group>";
		};
		3B2A63991FF19DE100BC5373 /* Controller */ = {
			isa = PBXGroup;
			children = (
				3B2A63861FF09F4D00BC5373 /* TodolListViewController.swift */,
			);
			path = Controller;
			sourceTree = "<group>";
		};
		3B2A639A1FF19DEE00BC5373 /* View */ = {
			isa = PBXGroup;
			children = (
				3B2A63881FF09F4D00BC5373 /* Main.storyboard */,
			);
			path = View;
			sourceTree = "<group>";
		};
		3B2A639B1FF19E0800BC5373 /* Supporting Files */ = {
			isa = PBXGroup;
			children = (
				3B2A638B1FF09F4E00BC5373 /* Assets.xcassets */,
				3B2A638D1FF09F4E00BC5373 /* LaunchScreen.storyboard */,
			);
			path = "Supporting Files";
			sourceTree = "<group>";
		};
/* End PBXGroup section */

/* Begin PBXNativeTarget section */
		3B2A63801FF09F4D00BC5373 /* Todoey */ = {
			isa = PBXNativeTarget;
			buildConfigurationList = 3B2A63931FF09F4E00BC5373 /* Build configuration list for PBXNativeTarget "Todoey" */;
			buildPhases = (
				3B2A637D1FF09F4D00BC5373 /* Sources */,
				3B2A637E1FF09F4D00BC5373 /* Frameworks */,
				3B2A637F1FF09F4D00BC5373 /* Resources */,
			);
			buildRules = (
			);
			dependencies = (
			);
			name = Todoey;
			productName = Todoey;
			productReference = 3B2A63811FF09F4D00BC5373 /* Todoey.app */;
			productType = "com.apple.product-type.application";
		};
/* End PBXNativeTarget section */

/* Begin PBXProject section */
		3B2A63791FF09F4D00BC5373 /* Project object */ = {
			isa = PBXProject;
			attributes = {
				LastSwiftUpdateCheck = 0920;
				LastUpgradeCheck = 0920;
				ORGANIZATIONNAME = mycompany;
				TargetAttributes = {
					3B2A63801FF09F4D00BC5373 = {
						CreatedOnToolsVersion = 9.2;
						ProvisioningStyle = Automatic;
					};
				};
			};
			buildConfigurationList = 3B2A637C1FF09F4D00BC5373 /* Build configuration list for PBXProject "Todoey" */;
			compatibilityVersion = "Xcode 8.0";
			developmentRegion = en;
			hasScannedForEncodings = 0;
			knownRegions = (
				en,
				Base,
			);
			mainGroup = 3B2A63781FF09F4D00BC5373;
			productRefGroup = 3B2A63821FF09F4D00BC5373 /* Products */;
			projectDirPath = "";
			projectRoot = "";
			targets = (
				3B2A63801FF09F4D00BC5373 /* Todoey */,
			);
		};
/* End PBXProject section */

/* Begin PBXResourcesBuildPhase section */
		3B2A637F1FF09F4D00BC5373 /* Resources */ = {
			isa = PBXResourcesBuildPhase;
			buildActionMask = 2147483647;
			files = (
				3B2A638F1FF09F4E00BC5373 /* LaunchScreen.storyboard in Resources */,
				3B2A638C1FF09F4E00BC5373 /* Assets.xcassets in Resources */,
				3B2A638A1FF09F4D00BC5373 /* Main.storyboard in Resources */,
			);
			runOnlyForDeploymentPostprocessing = 0;
		};
/* End PBXResourcesBuildPhase section */

/* Begin PBXSourcesBuildPhase section */
		3B2A637D1FF09F4D00BC5373 /* Sources */ = {
			isa = PBXSourcesBuildPhase;
			buildActionMask = 2147483647;
			files = (
				3B2A63871FF09F4D00BC5373 /* TodolListViewController.swift in Sources */,
				3B2A63971FF19D9E00BC5373 /* Item.swift in Sources */,
				3B2A63851FF09F4D00BC5373 /* AppDelegate.swift in Sources */,
			);
			runOnlyForDeploymentPostprocessing = 0;
		};
/* End PBXSourcesBuildPhase section */

/* Begin PBXVariantGroup section */
		3B2A63881FF09F4D00BC5373 /* Main.storyboard */ = {
			isa = PBXVariantGroup;
			children = (
				3B2A63891FF09F4D00BC5373 /* Base */,
			);
			name = Main.storyboard;
			sourceTree = "<group>";
		};
		3B2A638D1FF09F4E00BC5373 /* LaunchScreen.storyboard */ = {
			isa = PBXVariantGroup;
			children = (
				3B2A638E1FF09F4E00BC5373 /* Base */,
			);
			name = LaunchScreen.storyboard;
			sourceTree = "<group>";
		};
/* End PBXVariantGroup section */

/* Begin XCBuildConfiguration section */
		3B2A63911FF09F4E00BC5373 /* Debug */ = {
			isa = XCBuildConfiguration;
			buildSettings = {
				ALWAYS_SEARCH_USER_PATHS = NO;
				CLANG_ANALYZER_NONNULL = YES;
				CLANG_ANALYZER_NUMBER_OBJECT_CONVERSION = YES_AGGRESSIVE;
				CLANG_CXX_LANGUAGE_STANDARD = "gnu++14";
				CLANG_CXX_LIBRARY = "libc++";
				CLANG_ENABLE_MODULES = YES;
				CLANG_ENABLE_OBJC_ARC = YES;
				CLANG_WARN_BLOCK_CAPTURE_AUTORELEASING = YES;
				CLANG_WARN_BOOL_CONVERSION = YES;
				CLANG_WARN_COMMA = YES;
				CLANG_WARN_CONSTANT_CONVERSION = YES;
				CLANG_WARN_DIRECT_OBJC_ISA_USAGE = YES_ERROR;
				CLANG_WARN_DOCUMENTATION_COMMENTS = YES;
				CLANG_WARN_EMPTY_BODY = YES;
				CLANG_WARN_ENUM_CONVERSION = YES;
				CLANG_WARN_INFINITE_RECURSION = YES;
				CLANG_WARN_INT_CONVERSION = YES;
				CLANG_WARN_NON_LITERAL_NULL_CONVERSION = YES;
				CLANG_WARN_OBJC_LITERAL_CONVERSION = YES;
				CLANG_WARN_OBJC_ROOT_CLASS = YES_ERROR;
				CLANG_WARN_RANGE_LOOP_ANALYSIS = YES;
				CLANG_WARN_STRICT_PROTOTYPES = YES;
				CLANG_WARN_SUSPICIOUS_MOVE = YES;
				CLANG_WARN_UNGUARDED_AVAILABILITY = YES_AGGRESSIVE;
				CLANG_WARN_UNREACHABLE_CODE = YES;
				CLANG_WARN__DUPLICATE_METHOD_MATCH = YES;
				CODE_SIGN_IDENTITY = "iPhone Developer";
				COPY_PHASE_STRIP = NO;
				DEBUG_INFORMATION_FORMAT = dwarf;
				ENABLE_STRICT_OBJC_MSGSEND = YES;
				ENABLE_TESTABILITY = YES;
				GCC_C_LANGUAGE_STANDARD = gnu11;
				GCC_DYNAMIC_NO_PIC = NO;
				GCC_NO_COMMON_BLOCKS = YES;
				GCC_OPTIMIZATION_LEVEL = 0;
				GCC_PREPROCESSOR_DEFINITIONS = (
					"DEBUG=1",
					"$(inherited)",
				);
				GCC_WARN_64_TO_32_BIT_CONVERSION = YES;
				GCC_WARN_ABOUT_RETURN_TYPE = YES_ERROR;
				GCC_WARN_UNDECLARED_SELECTOR = YES;
				GCC_WARN_UNINITIALIZED_AUTOS = YES_AGGRESSIVE;
				GCC_WARN_UNUSED_FUNCTION = YES;
				GCC_WARN_UNUSED_VARIABLE = YES;
				IPHONEOS_DEPLOYMENT_TARGET = 11.2;
				MTL_ENABLE_DEBUG_INFO = YES;
				ONLY_ACTIVE_ARCH = YES;
				SDKROOT = iphoneos;
				SWIFT_ACTIVE_COMPILATION_CONDITIONS = DEBUG;
				SWIFT_OPTIMIZATION_LEVEL = "-Onone";
			};
			name = Debug;
		};
		3B2A63921FF09F4E00BC5373 /* Release */ = {
			isa = XCBuildConfiguration;
			buildSettings = {
				ALWAYS_SEARCH_USER_PATHS = NO;
				CLANG_ANALYZER_NONNULL = YES;
				CLANG_ANALYZER_NUMBER_OBJECT_CONVERSION = YES_AGGRESSIVE;
				CLANG_CXX_LANGUAGE_STANDARD = "gnu++14";
				CLANG_CXX_LIBRARY = "libc++";
				CLANG_ENABLE_MODULES = YES;
				CLANG_ENABLE_OBJC_ARC = YES;
				CLANG_WARN_BLOCK_CAPTURE_AUTORELEASING = YES;
				CLANG_WARN_BOOL_CONVERSION = YES;
				CLANG_WARN_COMMA = YES;
				CLANG_WARN_CONSTANT_CONVERSION = YES;
				CLANG_WARN_DIRECT_OBJC_ISA_USAGE = YES_ERROR;
				CLANG_WARN_DOCUMENTATION_COMMENTS = YES;
				CLANG_WARN_EMPTY_BODY = YES;
				CLANG_WARN_ENUM_CONVERSION = YES;
				CLANG_WARN_INFINITE_RECURSION = YES;
				CLANG_WARN_INT_CONVERSION = YES;
				CLANG_WARN_NON_LITERAL_NULL_CONVERSION = YES;
				CLANG_WARN_OBJC_LITERAL_CONVERSION = YES;
				CLANG_WARN_OBJC_ROOT_CLASS = YES_ERROR;
				CLANG_WARN_RANGE_LOOP_ANALYSIS = YES;
				CLANG_WARN_STRICT_PROTOTYPES = YES;
				CLANG_WARN_SUSPICIOUS_MOVE = YES;
				CLANG_WARN_UNGUARDED_AVAILABILITY = YES_AGGRESSIVE;
				CLANG_WARN_UNREACHABLE_CODE = YES;
				CLANG_WARN__DUPLICATE_METHOD_MATCH = YES;
				CODE_SIGN_IDENTITY = "iPhone Developer";
				COPY_PHASE_STRIP = NO;
				DEBUG_INFORMATION_FORMAT = "dwarf-with-dsym";
				ENABLE_NS_ASSERTIONS = NO;
				ENABLE_STRICT_OBJC_MSGSEND = YES;
				GCC_C_LANGUAGE_STANDARD = gnu11;
				GCC_NO_COMMON_BLOCKS = YES;
				GCC_WARN_64_TO_32_BIT_CONVERSION = YES;
				GCC_WARN_ABOUT_RETURN_TYPE = YES_ERROR;
				GCC_WARN_UNDECLARED_SELECTOR = YES;
				GCC_WARN_UNINITIALIZED_AUTOS = YES_AGGRESSIVE;
				GCC_WARN_UNUSED_FUNCTION = YES;
				GCC_WARN_UNUSED_VARIABLE = YES;
				IPHONEOS_DEPLOYMENT_TARGET = 11.2;
				MTL_ENABLE_DEBUG_INFO = NO;
				SDKROOT = iphoneos;
				SWIFT_OPTIMIZATION_LEVEL = "-Owholemodule";
				VALIDATE_PRODUCT = YES;
			};
			name = Release;
		};
		3B2A63941FF09F4E00BC5373 /* Debug */ = {
			isa = XCBuildConfiguration;
			buildSettings = {
				ASSETCATALOG_COMPILER_APPICON_NAME = AppIcon;
				CODE_SIGN_STYLE = Automatic;
				DEVELOPMENT_TEAM = WM23ZCMQR8;
				INFOPLIST_FILE = Todoey/Info.plist;
				LD_RUNPATH_SEARCH_PATHS = "$(inherited) @executable_path/Frameworks";
				PRODUCT_BUNDLE_IDENTIFIER = com.mycompany.Todoey;
				PRODUCT_NAME = "$(TARGET_NAME)";
				SWIFT_VERSION = 4.0;
				TARGETED_DEVICE_FAMILY = "1,2";
			};
			name = Debug;
		};
		3B2A63951FF09F4E00BC5373 /* Release */ = {
			isa = XCBuildConfiguration;
			buildSettings = {
				ASSETCATALOG_COMPILER_APPICON_NAME = AppIcon;
				CODE_SIGN_STYLE = Automatic;
				DEVELOPMENT_TEAM = WM23ZCMQR8;
				INFOPLIST_FILE = Todoey/Info.plist;
				LD_RUNPATH_SEARCH_PATHS = "$(inherited) @executable_path/Frameworks";
				PRODUCT_BUNDLE_IDENTIFIER = com.mycompany.Todoey;
				PRODUCT_NAME = "$(TARGET_NAME)";
				SWIFT_VERSION = 4.0;
				TARGETED_DEVICE_FAMILY = "1,2";
			};
			name = Release;
		};
/* End XCBuildConfiguration section */

/* Begin XCConfigurationList section */
		3B2A637C1FF09F4D00BC5373 /* Build configuration list for PBXProject "Todoey" */ = {
			isa = XCConfigurationList;
			buildConfigurations = (
				3B2A63911FF09F4E00BC5373 /* Debug */,
				3B2A63921FF09F4E00BC5373 /* Release */,
			);
			defaultConfigurationIsVisible = 0;
			defaultConfigurationName = Release;
		};
		3B2A63931FF09F4E00BC5373 /* Build configuration list for PBXNativeTarget "Todoey" */ = {
			isa = XCConfigurationList;
			buildConfigurations = (
				3B2A63941FF09F4E00BC5373 /* Debug */,
				3B2A63951FF09F4E00BC5373 /* Release */,
			);
			defaultConfigurationIsVisible = 0;
			defaultConfigurationName = Release;
		};
/* End XCConfigurationList section */
	};
	rootObject = 3B2A63791FF09F4D00BC5373 /* Project object */;
}
